
Microsoft Visual Studio Solution File, Format Version 12.00
# Visual Studio Version 17
VisualStudioVersion = 17.0.31903.59
MinimumVisualStudioVersion = 10.0.40219.1
Project("{FAE04EC0-301F-11D3-BF4B-00C04F79EFBC}") = "MachineLearningExercises", "MachineLearningExercises\MachineLearningExercises.csproj", "{FAFD488B-E042-4F53-9287-7E67EEAF43C9}"
EndProject
Global
	GlobalSection(SolutionConfigurationPlatforms) = preSolution
		Debug|Any CPU = Debug|Any CPU
		Release|Any CPU = Release|Any CPU
	EndGlobalSection
	GlobalSection(ProjectConfigurationPlatforms) = postSolution
		{FAFD488B-E042-4F53-9287-7E67EEAF43C9}.Debug|Any CPU.ActiveCfg = Debug|Any CPU
		{FAFD488B-E042-4F53-9287-7E67EEAF43C9}.Debug|Any CPU.Build.0 = Debug|Any CPU
		{FAFD488B-E042-4F53-9287-7E67EEAF43C9}.Release|Any CPU.ActiveCfg = Release|Any CPU
		{FAFD488B-E042-4F53-9287-7E67EEAF43C9}.Release|Any CPU.Build.0 = Release|Any CPU
	EndGlobalSection
	GlobalSection(SolutionProperties) = preSolution
		HideSolutionNode = FALSE
	EndGlobalSection
	GlobalSection(ExtensibilityGlobals) = postSolution
		SolutionGuid = {87927036-A23D-4280-87F6-80B8525E947E}
	EndGlobalSection
EndGlobal
